
Microsoft Visual Studio Solution File, Format Version 12.00
# Visual Studio Version 16
VisualStudioVersion = 16.0.32428.217
MinimumVisualStudioVersion = 10.0.40219.1
Project("{FAE04EC0-301F-11D3-BF4B-00C04F79EFBC}") = "ConsoleApp3", "ConsoleApp3\ConsoleApp3.csproj", "{041C6074-725C-4DE5-8DF3-5F8A6461D701}"
EndProject
Global
	GlobalSection(SolutionConfigurationPlatforms) = preSolution
		Debug|Any CPU = Debug|Any CPU
		Release|Any CPU = Release|Any CPU
	EndGlobalSection
	GlobalSection(ProjectConfigurationPlatforms) = postSolution
		{041C6074-725C-4DE5-8DF3-5F8A6461D701}.Debug|Any CPU.ActiveCfg = Debug|Any CPU
		{041C6074-725C-4DE5-8DF3-5F8A6461D701}.Debug|Any CPU.Build.0 = Debug|Any CPU
		{041C6074-725C-4DE5-8DF3-5F8A6461D701}.Release|Any CPU.ActiveCfg = Release|Any CPU
		{041C6074-725C-4DE5-8DF3-5F8A6461D701}.Release|Any CPU.Build.0 = Release|Any CPU
	EndGlobalSection
	GlobalSection(SolutionProperties) = preSolution
		HideSolutionNode = FALSE
	EndGlobalSection
	GlobalSection(ExtensibilityGlobals) = postSolution
		SolutionGuid = {7FE084E7-8637-491C-BEAF-2D976EEA1E01}
	EndGlobalSection
EndGlobal
